
Microsoft Visual Studio Solution File, Format Version 10.00
# Visual Studio 2008
Project("{FAE04EC0-301F-11D3-BF4B-00C04F79EFBC}") = "01_Contracts", "Contracts\01_Contracts.csproj", "{F091CA1A-9E22-4AEC-9156-D37DB7DE001C}"
EndProject
Project("{FAE04EC0-301F-11D3-BF4B-00C04F79EFBC}") = "02_Server", "Server\02_Server.csproj", "{03C2108D-6536-45C6-B1C3-5D506B4A4CA9}"
EndProject
Project("{FAE04EC0-301F-11D3-BF4B-00C04F79EFBC}") = "99_Tests", "Tests\99_Tests.csproj", "{3F9400F2-FA85-464D-ADFC-BCA2BBE65798}"
EndProject
Project("{FAE04EC0-301F-11D3-BF4B-00C04F79EFBC}") = "03_Web", "Web\03_Web.csproj", "{48D3123B-0725-4C12-93F6-54123FA59E28}"
EndProject
Project("{FAE04EC0-301F-11D3-BF4B-00C04F79EFBC}") = "10_Generator", "Generator\10_Generator.csproj", "{DFF8F092-2E40-4F08-BE77-51954C9DBDF8}"
EndProject
Global
	GlobalSection(SolutionConfigurationPlatforms) = preSolution
		Debug|Any CPU = Debug|Any CPU
		Release|Any CPU = Release|Any CPU
	EndGlobalSection
	GlobalSection(ProjectConfigurationPlatforms) = postSolution
		{F091CA1A-9E22-4AEC-9156-D37DB7DE001C}.Debug|Any CPU.ActiveCfg = Debug|Any CPU
		{F091CA1A-9E22-4AEC-9156-D37DB7DE001C}.Debug|Any CPU.Build.0 = Debug|Any CPU
		{F091CA1A-9E22-4AEC-9156-D37DB7DE001C}.Release|Any CPU.ActiveCfg = Release|Any CPU
		{F091CA1A-9E22-4AEC-9156-D37DB7DE001C}.Release|Any CPU.Build.0 = Release|Any CPU
		{03C2108D-6536-45C6-B1C3-5D506B4A4CA9}.Debug|Any CPU.ActiveCfg = Debug|Any CPU
		{03C2108D-6536-45C6-B1C3-5D506B4A4CA9}.Debug|Any CPU.Build.0 = Debug|Any CPU
		{03C2108D-6536-45C6-B1C3-5D506B4A4CA9}.Release|Any CPU.ActiveCfg = Release|Any CPU
		{03C2108D-6536-45C6-B1C3-5D506B4A4CA9}.Release|Any CPU.Build.0 = Release|Any CPU
		{3F9400F2-FA85-464D-ADFC-BCA2BBE65798}.Debug|Any CPU.ActiveCfg = Debug|Any CPU
		{3F9400F2-FA85-464D-ADFC-BCA2BBE65798}.Debug|Any CPU.Build.0 = Debug|Any CPU
		{3F9400F2-FA85-464D-ADFC-BCA2BBE65798}.Release|Any CPU.ActiveCfg = Release|Any CPU
		{3F9400F2-FA85-464D-ADFC-BCA2BBE65798}.Release|Any CPU.Build.0 = Release|Any CPU
		{48D3123B-0725-4C12-93F6-54123FA59E28}.Debug|Any CPU.ActiveCfg = Debug|Any CPU
		{48D3123B-0725-4C12-93F6-54123FA59E28}.Debug|Any CPU.Build.0 = Debug|Any CPU
		{48D3123B-0725-4C12-93F6-54123FA59E28}.Release|Any CPU.ActiveCfg = Release|Any CPU
		{48D3123B-0725-4C12-93F6-54123FA59E28}.Release|Any CPU.Build.0 = Release|Any CPU
		{DFF8F092-2E40-4F08-BE77-51954C9DBDF8}.Debug|Any CPU.ActiveCfg = Debug|Any CPU
		{DFF8F092-2E40-4F08-BE77-51954C9DBDF8}.Debug|Any CPU.Build.0 = Debug|Any CPU
		{DFF8F092-2E40-4F08-BE77-51954C9DBDF8}.Release|Any CPU.ActiveCfg = Release|Any CPU
		{DFF8F092-2E40-4F08-BE77-51954C9DBDF8}.Release|Any CPU.Build.0 = Release|Any CPU
	EndGlobalSection
	GlobalSection(SolutionProperties) = preSolution
		HideSolutionNode = FALSE
	EndGlobalSection
EndGlobal
