
Microsoft Visual Studio Solution File, Format Version 10.00
# Visual Studio 2008
Project("{FAE04EC0-301F-11D3-BF4B-00C04F79EFBC}") = "01_Contracts", "Contracts\01_Contracts.csproj", "{F091CA1A-9E22-4AEC-9156-D37DB7DE001C}"
EndProject
Project("{FAE04EC0-301F-11D3-BF4B-00C04F79EFBC}") = "02_Server", "Server\02_Server.csproj", "{03C2108D-6536-45C6-B1C3-5D506B4A4CA9}"
EndProject
Project("{FAE04EC0-301F-11D3-BF4B-00C04F79EFBC}") = "99_Migrations", "Migrations\99_Migrations.csproj", "{174AC8FD-C467-4B08-9567-9C3A376D1F52}"
EndProject
Project("{FAE04EC0-301F-11D3-BF4B-00C04F79EFBC}") = "05_Tests", "Tests\05_Tests.csproj", "{3F9400F2-FA85-464D-ADFC-BCA2BBE65798}"
EndProject
Project("{2150E333-8FDC-42A3-9474-1A3956D46DE8}") = "Templates", "Templates", "{91DCC91C-3439-4064-B79D-A8FAFDE78983}"
	ProjectSection(SolutionItems) = preProject
		Templates\GeneratorBase.ttinclude = Templates\GeneratorBase.ttinclude
		Templates\Inflector.ttinclude = Templates\Inflector.ttinclude
		Templates\Schema.Metadata.ttinclude = Templates\Schema.Metadata.ttinclude
		Templates\T4Toolbox.ttinclude = Templates\T4Toolbox.ttinclude
		Templates\TableTemplate.ttinclude = Templates\TableTemplate.ttinclude
	EndProjectSection
EndProject
Project("{FAE04EC0-301F-11D3-BF4B-00C04F79EFBC}") = "04_SampleData", "SampleData\04_SampleData.csproj", "{7980805D-169F-4726-BFFB-AAA8462E8196}"
EndProject
Project("{FAE04EC0-301F-11D3-BF4B-00C04F79EFBC}") = "03_UserInterface", "UserInterface\03_UserInterface.csproj", "{48D3123B-0725-4C12-93F6-54123FA59E28}"
EndProject
Global
	GlobalSection(SolutionConfigurationPlatforms) = preSolution
		Debug|Any CPU = Debug|Any CPU
		Release|Any CPU = Release|Any CPU
	EndGlobalSection
	GlobalSection(ProjectConfigurationPlatforms) = postSolution
		{F091CA1A-9E22-4AEC-9156-D37DB7DE001C}.Debug|Any CPU.ActiveCfg = Debug|Any CPU
		{F091CA1A-9E22-4AEC-9156-D37DB7DE001C}.Debug|Any CPU.Build.0 = Debug|Any CPU
		{F091CA1A-9E22-4AEC-9156-D37DB7DE001C}.Release|Any CPU.ActiveCfg = Release|Any CPU
		{F091CA1A-9E22-4AEC-9156-D37DB7DE001C}.Release|Any CPU.Build.0 = Release|Any CPU
		{03C2108D-6536-45C6-B1C3-5D506B4A4CA9}.Debug|Any CPU.ActiveCfg = Debug|Any CPU
		{03C2108D-6536-45C6-B1C3-5D506B4A4CA9}.Debug|Any CPU.Build.0 = Debug|Any CPU
		{03C2108D-6536-45C6-B1C3-5D506B4A4CA9}.Release|Any CPU.ActiveCfg = Release|Any CPU
		{03C2108D-6536-45C6-B1C3-5D506B4A4CA9}.Release|Any CPU.Build.0 = Release|Any CPU
		{174AC8FD-C467-4B08-9567-9C3A376D1F52}.Debug|Any CPU.ActiveCfg = Debug|Any CPU
		{174AC8FD-C467-4B08-9567-9C3A376D1F52}.Debug|Any CPU.Build.0 = Debug|Any CPU
		{174AC8FD-C467-4B08-9567-9C3A376D1F52}.Release|Any CPU.ActiveCfg = Release|Any CPU
		{174AC8FD-C467-4B08-9567-9C3A376D1F52}.Release|Any CPU.Build.0 = Release|Any CPU
		{3F9400F2-FA85-464D-ADFC-BCA2BBE65798}.Debug|Any CPU.ActiveCfg = Debug|Any CPU
		{3F9400F2-FA85-464D-ADFC-BCA2BBE65798}.Debug|Any CPU.Build.0 = Debug|Any CPU
		{3F9400F2-FA85-464D-ADFC-BCA2BBE65798}.Release|Any CPU.ActiveCfg = Release|Any CPU
		{3F9400F2-FA85-464D-ADFC-BCA2BBE65798}.Release|Any CPU.Build.0 = Release|Any CPU
		{7980805D-169F-4726-BFFB-AAA8462E8196}.Debug|Any CPU.ActiveCfg = Debug|Any CPU
		{7980805D-169F-4726-BFFB-AAA8462E8196}.Debug|Any CPU.Build.0 = Debug|Any CPU
		{7980805D-169F-4726-BFFB-AAA8462E8196}.Release|Any CPU.ActiveCfg = Release|Any CPU
		{7980805D-169F-4726-BFFB-AAA8462E8196}.Release|Any CPU.Build.0 = Release|Any CPU
		{48D3123B-0725-4C12-93F6-54123FA59E28}.Debug|Any CPU.ActiveCfg = Debug|Any CPU
		{48D3123B-0725-4C12-93F6-54123FA59E28}.Debug|Any CPU.Build.0 = Debug|Any CPU
		{48D3123B-0725-4C12-93F6-54123FA59E28}.Release|Any CPU.ActiveCfg = Release|Any CPU
		{48D3123B-0725-4C12-93F6-54123FA59E28}.Release|Any CPU.Build.0 = Release|Any CPU
	EndGlobalSection
	GlobalSection(SolutionProperties) = preSolution
		HideSolutionNode = FALSE
	EndGlobalSection
EndGlobal
