
Microsoft Visual Studio Solution File, Format Version 10.00
# Visual Studio 2008
Project("{FAE04EC0-301F-11D3-BF4B-00C04F79EFBC}") = "Migrator.Fluent", "Migrator.Fluent\Migrator.Fluent.csproj", "{AF1324F4-59D2-415E-9F7D-36B1E4F8CB27}"
EndProject
Project("{FAE04EC0-301F-11D3-BF4B-00C04F79EFBC}") = "Migrator.Fluent.Tests", "Migrator.Fluent.Tests\Migrator.Fluent.Tests.csproj", "{9B793004-424D-4D2F-857B-F4193DBFC857}"
EndProject
Global
	GlobalSection(SolutionConfigurationPlatforms) = preSolution
		Debug|Any CPU = Debug|Any CPU
		Release|Any CPU = Release|Any CPU
	EndGlobalSection
	GlobalSection(ProjectConfigurationPlatforms) = postSolution
		{AF1324F4-59D2-415E-9F7D-36B1E4F8CB27}.Debug|Any CPU.ActiveCfg = Debug|Any CPU
		{AF1324F4-59D2-415E-9F7D-36B1E4F8CB27}.Debug|Any CPU.Build.0 = Debug|Any CPU
		{AF1324F4-59D2-415E-9F7D-36B1E4F8CB27}.Release|Any CPU.ActiveCfg = Release|Any CPU
		{AF1324F4-59D2-415E-9F7D-36B1E4F8CB27}.Release|Any CPU.Build.0 = Release|Any CPU
		{9B793004-424D-4D2F-857B-F4193DBFC857}.Debug|Any CPU.ActiveCfg = Debug|Any CPU
		{9B793004-424D-4D2F-857B-F4193DBFC857}.Debug|Any CPU.Build.0 = Debug|Any CPU
		{9B793004-424D-4D2F-857B-F4193DBFC857}.Release|Any CPU.ActiveCfg = Release|Any CPU
		{9B793004-424D-4D2F-857B-F4193DBFC857}.Release|Any CPU.Build.0 = Release|Any CPU
	EndGlobalSection
	GlobalSection(SolutionProperties) = preSolution
		HideSolutionNode = FALSE
	EndGlobalSection
EndGlobal
